
Microsoft Visual Studio Solution File, Format Version 12.00
# Visual Studio Version 17
VisualStudioVersion = 17.9.34728.123
MinimumVisualStudioVersion = 10.0.40219.1
Project("{FAE04EC0-301F-11D3-BF4B-00C04F79EFBC}") = "NotesBuilderUI", "NotesBuilderUI\NotesBuilderUI.csproj", "{4DFA6CD5-FE98-4939-B6C9-3C19BCC76ADB}"
EndProject
Project("{FAE04EC0-301F-11D3-BF4B-00C04F79EFBC}") = "NotesBuilderLibrary", "NotesBuilderLibrary\NotesBuilderLibrary.csproj", "{EBCDAED8-37DA-4F4D-8A72-DBA093697BCA}"
EndProject
Project("{FAE04EC0-301F-11D3-BF4B-00C04F79EFBC}") = "NotesBuilderTests", "NotesBuilderTests\NotesBuilderTests.csproj", "{595A27DF-9859-47D1-A755-92761442D9BE}"
EndProject
Global
	GlobalSection(SolutionConfigurationPlatforms) = preSolution
		Debug|Any CPU = Debug|Any CPU
		Release|Any CPU = Release|Any CPU
	EndGlobalSection
	GlobalSection(ProjectConfigurationPlatforms) = postSolution
		{4DFA6CD5-FE98-4939-B6C9-3C19BCC76ADB}.Debug|Any CPU.ActiveCfg = Debug|Any CPU
		{4DFA6CD5-FE98-4939-B6C9-3C19BCC76ADB}.Debug|Any CPU.Build.0 = Debug|Any CPU
		{4DFA6CD5-FE98-4939-B6C9-3C19BCC76ADB}.Release|Any CPU.ActiveCfg = Release|Any CPU
		{4DFA6CD5-FE98-4939-B6C9-3C19BCC76ADB}.Release|Any CPU.Build.0 = Release|Any CPU
		{EBCDAED8-37DA-4F4D-8A72-DBA093697BCA}.Debug|Any CPU.ActiveCfg = Debug|Any CPU
		{EBCDAED8-37DA-4F4D-8A72-DBA093697BCA}.Debug|Any CPU.Build.0 = Debug|Any CPU
		{EBCDAED8-37DA-4F4D-8A72-DBA093697BCA}.Release|Any CPU.ActiveCfg = Release|Any CPU
		{EBCDAED8-37DA-4F4D-8A72-DBA093697BCA}.Release|Any CPU.Build.0 = Release|Any CPU
		{595A27DF-9859-47D1-A755-92761442D9BE}.Debug|Any CPU.ActiveCfg = Debug|Any CPU
		{595A27DF-9859-47D1-A755-92761442D9BE}.Debug|Any CPU.Build.0 = Debug|Any CPU
		{595A27DF-9859-47D1-A755-92761442D9BE}.Release|Any CPU.ActiveCfg = Release|Any CPU
		{595A27DF-9859-47D1-A755-92761442D9BE}.Release|Any CPU.Build.0 = Release|Any CPU
	EndGlobalSection
	GlobalSection(SolutionProperties) = preSolution
		HideSolutionNode = FALSE
	EndGlobalSection
	GlobalSection(ExtensibilityGlobals) = postSolution
		SolutionGuid = {B0C185B0-EF9C-4AB9-B8F8-ADCC655F2863}
	EndGlobalSection
EndGlobal
